// !$*UTF8*$!
{
	archiveVersion = 1;
	classes = {
	};
	objectVersion = 46;
	objects = {

/* Begin PBXBuildFile section */
		EA6A387E1B04941D003FB082 /* AppDelegate.swift in Sources */ = {isa = PBXBuildFile; fileRef = EA6A387D1B04941D003FB082 /* AppDelegate.swift */; };
		EA6A38801B04941D003FB082 /* ViewController.swift in Sources */ = {isa = PBXBuildFile; fileRef = EA6A387F1B04941D003FB082 /* ViewController.swift */; };
		EA6A38831B04941D003FB082 /* Main.storyboard in Resources */ = {isa = PBXBuildFile; fileRef = EA6A38811B04941D003FB082 /* Main.storyboard */; };
		EA6A38851B04941D003FB082 /* Images.xcassets in Resources */ = {isa = PBXBuildFile; fileRef = EA6A38841B04941D003FB082 /* Images.xcassets */; };
		EA6A38881B04941D003FB082 /* LaunchScreen.xib in Resources */ = {isa = PBXBuildFile; fileRef = EA6A38861B04941D003FB082 /* LaunchScreen.xib */; };
		EA6A38941B04941D003FB082 /* TryCatchTests.swift in Sources */ = {isa = PBXBuildFile; fileRef = EA6A38931B04941D003FB082 /* TryCatchTests.swift */; };
/* End PBXBuildFile section */

/* Begin PBXContainerItemProxy section */
		EA6A388E1B04941D003FB082 /* PBXContainerItemProxy */ = {
			isa = PBXContainerItemProxy;
			containerPortal = EA6A38701B04941D003FB082 /* Project object */;
			proxyType = 1;
			remoteGlobalIDString = EA6A38771B04941D003FB082;
			remoteInfo = TryCatch;
		};
/* End PBXContainerItemProxy section */

/* Begin PBXFileReference section */
		EA6A38781B04941D003FB082 /* TryCatch.app */ = {isa = PBXFileReference; explicitFileType = wrapper.application; includeInIndex = 0; path = TryCatch.app; sourceTree = BUILT_PRODUCTS_DIR; };
		EA6A387C1B04941D003FB082 /* Info.plist */ = {isa = PBXFileReference; lastKnownFileType = text.plist.xml; path = Info.plist; sourceTree = "<group>"; };
		EA6A387D1B04941D003FB082 /* AppDelegate.swift */ = {isa = PBXFileReference; lastKnownFileType = sourcecode.swift; path = AppDelegate.swift; sourceTree = "<group>"; };
		EA6A387F1B04941D003FB082 /* ViewController.swift */ = {isa = PBXFileReference; lastKnownFileType = sourcecode.swift; path = ViewController.swift; sourceTree = "<group>"; };
		EA6A38821B04941D003FB082 /* Base */ = {isa = PBXFileReference; lastKnownFileType = file.storyboard; name = Base; path = Base.lproj/Main.storyboard; sourceTree = "<group>"; };
		EA6A38841B04941D003FB082 /* Images.xcassets */ = {isa = PBXFileReference; lastKnownFileType = folder.assetcatalog; path = Images.xcassets; sourceTree = "<group>"; };
		EA6A38871B04941D003FB082 /* Base */ = {isa = PBXFileReference; lastKnownFileType = file.xib; name = Base; path = Base.lproj/LaunchScreen.xib; sourceTree = "<group>"; };
		EA6A388D1B04941D003FB082 /* TryCatchTests.xctest */ = {isa = PBXFileReference; explicitFileType = wrapper.cfbundle; includeInIndex = 0; path = TryCatchTests.xctest; sourceTree = BUILT_PRODUCTS_DIR; };
		EA6A38921B04941D003FB082 /* Info.plist */ = {isa = PBXFileReference; lastKnownFileType = text.plist.xml; path = Info.plist; sourceTree = "<group>"; };
		EA6A38931B04941D003FB082 /* TryCatchTests.swift */ = {isa = PBXFileReference; lastKnownFileType = sourcecode.swift; path = TryCatchTests.swift; sourceTree = "<group>"; };
/* End PBXFileReference section */

/* Begin PBXFrameworksBuildPhase section */
		EA6A38751B04941D003FB082 /* Frameworks */ = {
			isa = PBXFrameworksBuildPhase;
			buildActionMask = 2147483647;
			files = (
			);
			runOnlyForDeploymentPostprocessing = 0;
		};
		EA6A388A1B04941D003FB082 /* Frameworks */ = {
			isa = PBXFrameworksBuildPhase;
			buildActionMask = 2147483647;
			files = (
			);
			runOnlyForDeploymentPostprocessing = 0;
		};
/* End PBXFrameworksBuildPhase section */

/* Begin PBXGroup section */
		EA6A386F1B04941D003FB082 = {
			isa = PBXGroup;
			children = (
				EA6A387A1B04941D003FB082 /* TryCatch */,
				EA6A38901B04941D003FB082 /* TryCatchTests */,
				EA6A38791B04941D003FB082 /* Products */,
			);
			sourceTree = "<group>";
		};
		EA6A38791B04941D003FB082 /* Products */ = {
			isa = PBXGroup;
			children = (
				EA6A38781B04941D003FB082 /* TryCatch.app */,
				EA6A388D1B04941D003FB082 /* TryCatchTests.xctest */,
			);
			name = Products;
			sourceTree = "<group>";
		};
		EA6A387A1B04941D003FB082 /* TryCatch */ = {
			isa = PBXGroup;
			children = (
				EA6A387D1B04941D003FB082 /* AppDelegate.swift */,
				EA6A387F1B04941D003FB082 /* ViewController.swift */,
				EA6A38811B04941D003FB082 /* Main.storyboard */,
				EA6A38841B04941D003FB082 /* Images.xcassets */,
				EA6A38861B04941D003FB082 /* LaunchScreen.xib */,
				EA6A387B1B04941D003FB082 /* Supporting Files */,
			);
			path = TryCatch;
			sourceTree = "<group>";
		};
		EA6A387B1B04941D003FB082 /* Supporting Files */ = {
			isa = PBXGroup;
			children = (
				EA6A387C1B04941D003FB082 /* Info.plist */,
			);
			name = "Supporting Files";
			sourceTree = "<group>";
		};
		EA6A38901B04941D003FB082 /* TryCatchTests */ = {
			isa = PBXGroup;
			children = (
				EA6A38931B04941D003FB082 /* TryCatchTests.swift */,
				EA6A38911B04941D003FB082 /* Supporting Files */,
			);
			path = TryCatchTests;
			sourceTree = "<group>";
		};
		EA6A38911B04941D003FB082 /* Supporting Files */ = {
			isa = PBXGroup;
			children = (
				EA6A38921B04941D003FB082 /* Info.plist */,
			);
			name = "Supporting Files";
			sourceTree = "<group>";
		};
/* End PBXGroup section */

/* Begin PBXNativeTarget section */
		EA6A38771B04941D003FB082 /* TryCatch */ = {
			isa = PBXNativeTarget;
			buildConfigurationList = EA6A38971B04941D003FB082 /* Build configuration list for PBXNativeTarget "TryCatch" */;
			buildPhases = (
				EA6A38741B04941D003FB082 /* Sources */,
				EA6A38751B04941D003FB082 /* Frameworks */,
				EA6A38761B04941D003FB082 /* Resources */,
			);
			buildRules = (
			);
			dependencies = (
			);
			name = TryCatch;
			productName = TryCatch;
			productReference = EA6A38781B04941D003FB082 /* TryCatch.app */;
			productType = "com.apple.product-type.application";
		};
		EA6A388C1B04941D003FB082 /* TryCatchTests */ = {
			isa = PBXNativeTarget;
			buildConfigurationList = EA6A389A1B04941D003FB082 /* Build configuration list for PBXNativeTarget "TryCatchTests" */;
			buildPhases = (
				EA6A38891B04941D003FB082 /* Sources */,
				EA6A388A1B04941D003FB082 /* Frameworks */,
				EA6A388B1B04941D003FB082 /* Resources */,
			);
			buildRules = (
			);
			dependencies = (
				EA6A388F1B04941D003FB082 /* PBXTargetDependency */,
			);
			name = TryCatchTests;
			productName = TryCatchTests;
			productReference = EA6A388D1B04941D003FB082 /* TryCatchTests.xctest */;
			productType = "com.apple.product-type.bundle.unit-test";
		};
/* End PBXNativeTarget section */

/* Begin PBXProject section */
		EA6A38701B04941D003FB082 /* Project object */ = {
			isa = PBXProject;
			attributes = {
				LastUpgradeCheck = 0630;
				ORGANIZATIONNAME = Martinho;
				TargetAttributes = {
					EA6A38771B04941D003FB082 = {
						CreatedOnToolsVersion = 6.3.1;
					};
					EA6A388C1B04941D003FB082 = {
						CreatedOnToolsVersion = 6.3.1;
						TestTargetID = EA6A38771B04941D003FB082;
					};
				};
			};
			buildConfigurationList = EA6A38731B04941D003FB082 /* Build configuration list for PBXProject "TryCatch" */;
			compatibilityVersion = "Xcode 3.2";
			developmentRegion = English;
			hasScannedForEncodings = 0;
			knownRegions = (
				en,
				Base,
			);
			mainGroup = EA6A386F1B04941D003FB082;
			productRefGroup = EA6A38791B04941D003FB082 /* Products */;
			projectDirPath = "";
			projectRoot = "";
			targets = (
				EA6A38771B04941D003FB082 /* TryCatch */,
				EA6A388C1B04941D003FB082 /* TryCatchTests */,
			);
		};
/* End PBXProject section */

/* Begin PBXResourcesBuildPhase section */
		EA6A38761B04941D003FB082 /* Resources */ = {
			isa = PBXResourcesBuildPhase;
			buildActionMask = 2147483647;
			files = (
				EA6A38831B04941D003FB082 /* Main.storyboard in Resources */,
				EA6A38881B04941D003FB082 /* LaunchScreen.xib in Resources */,
				EA6A38851B04941D003FB082 /* Images.xcassets in Resources */,
			);
			runOnlyForDeploymentPostprocessing = 0;
		};
		EA6A388B1B04941D003FB082 /* Resources */ = {
			isa = PBXResourcesBuildPhase;
			buildActionMask = 2147483647;
			files = (
			);
			runOnlyForDeploymentPostprocessing = 0;
		};
/* End PBXResourcesBuildPhase section */

/* Begin PBXSourcesBuildPhase section */
		EA6A38741B04941D003FB082 /* Sources */ = {
			isa = PBXSourcesBuildPhase;
			buildActionMask = 2147483647;
			files = (
				EA6A38801B04941D003FB082 /* ViewController.swift in Sources */,
				EA6A387E1B04941D003FB082 /* AppDelegate.swift in Sources */,
			);
			runOnlyForDeploymentPostprocessing = 0;
		};
		EA6A38891B04941D003FB082 /* Sources */ = {
			isa = PBXSourcesBuildPhase;
			buildActionMask = 2147483647;
			files = (
				EA6A38941B04941D003FB082 /* TryCatchTests.swift in Sources */,
			);
			runOnlyForDeploymentPostprocessing = 0;
		};
/* End PBXSourcesBuildPhase section */

/* Begin PBXTargetDependency section */
		EA6A388F1B04941D003FB082 /* PBXTargetDependency */ = {
			isa = PBXTargetDependency;
			target = EA6A38771B04941D003FB082 /* TryCatch */;
			targetProxy = EA6A388E1B04941D003FB082 /* PBXContainerItemProxy */;
		};
/* End PBXTargetDependency section */

/* Begin PBXVariantGroup section */
		EA6A38811B04941D003FB082 /* Main.storyboard */ = {
			isa = PBXVariantGroup;
			children = (
				EA6A38821B04941D003FB082 /* Base */,
			);
			name = Main.storyboard;
			sourceTree = "<group>";
		};
		EA6A38861B04941D003FB082 /* LaunchScreen.xib */ = {
			isa = PBXVariantGroup;
			children = (
				EA6A38871B04941D003FB082 /* Base */,
			);
			name = LaunchScreen.xib;
			sourceTree = "<group>";
		};
/* End PBXVariantGroup section */

/* Begin XCBuildConfiguration section */
		EA6A38951B04941D003FB082 /* Debug */ = {
			isa = XCBuildConfiguration;
			buildSettings = {
				ALWAYS_SEARCH_USER_PATHS = NO;
				CLANG_CXX_LANGUAGE_STANDARD = "gnu++0x";
				CLANG_CXX_LIBRARY = "libc++";
				CLANG_ENABLE_MODULES = YES;
				CLANG_ENABLE_OBJC_ARC = YES;
				CLANG_WARN_BOOL_CONVERSION = YES;
				CLANG_WARN_CONSTANT_CONVERSION = YES;
				CLANG_WARN_DIRECT_OBJC_ISA_USAGE = YES_ERROR;
				CLANG_WARN_EMPTY_BODY = YES;
				CLANG_WARN_ENUM_CONVERSION = YES;
				CLANG_WARN_INT_CONVERSION = YES;
				CLANG_WARN_OBJC_ROOT_CLASS = YES_ERROR;
				CLANG_WARN_UNREACHABLE_CODE = YES;
				CLANG_WARN__DUPLICATE_METHOD_MATCH = YES;
				"CODE_SIGN_IDENTITY[sdk=iphoneos*]" = "iPhone Developer";
				COPY_PHASE_STRIP = NO;
				DEBUG_INFORMATION_FORMAT = "dwarf-with-dsym";
				ENABLE_STRICT_OBJC_MSGSEND = YES;
				GCC_C_LANGUAGE_STANDARD = gnu99;
				GCC_DYNAMIC_NO_PIC = NO;
				GCC_NO_COMMON_BLOCKS = YES;
				GCC_OPTIMIZATION_LEVEL = 0;
				GCC_PREPROCESSOR_DEFINITIONS = (
					"DEBUG=1",
					"$(inherited)",
				);
				GCC_SYMBOLS_PRIVATE_EXTERN = NO;
				GCC_WARN_64_TO_32_BIT_CONVERSION = YES;
				GCC_WARN_ABOUT_RETURN_TYPE = YES_ERROR;
				GCC_WARN_UNDECLARED_SELECTOR = YES;
				GCC_WARN_UNINITIALIZED_AUTOS = YES_AGGRESSIVE;
				GCC_WARN_UNUSED_FUNCTION = YES;
				GCC_WARN_UNUSED_VARIABLE = YES;
				IPHONEOS_DEPLOYMENT_TARGET = 8.3;
				MTL_ENABLE_DEBUG_INFO = YES;
				ONLY_ACTIVE_ARCH = YES;
				SDKROOT = iphoneos;
				SWIFT_OPTIMIZATION_LEVEL = "-Onone";
				TARGETED_DEVICE_FAMILY = "1,2";
			};
			name = Debug;
		};
		EA6A38961B04941D003FB082 /* Release */ = {
			isa = XCBuildConfiguration;
			buildSettings = {
				ALWAYS_SEARCH_USER_PATHS = NO;
				CLANG_CXX_LANGUAGE_STANDARD = "gnu++0x";
				CLANG_CXX_LIBRARY = "libc++";
				CLANG_ENABLE_MODULES = YES;
				CLANG_ENABLE_OBJC_ARC = YES;
				CLANG_WARN_BOOL_CONVERSION = YES;
				CLANG_WARN_CONSTANT_CONVERSION = YES;
				CLANG_WARN_DIRECT_OBJC_ISA_USAGE = YES_ERROR;
				CLANG_WARN_EMPTY_BODY = YES;
				CLANG_WARN_ENUM_CONVERSION = YES;
				CLANG_WARN_INT_CONVERSION = YES;
				CLANG_WARN_OBJC_ROOT_CLASS = YES_ERROR;
				CLANG_WARN_UNREACHABLE_CODE = YES;
				CLANG_WARN__DUPLICATE_METHOD_MATCH = YES;
				"CODE_SIGN_IDENTITY[sdk=iphoneos*]" = "iPhone Developer";
				COPY_PHASE_STRIP = NO;
				DEBUG_INFORMATION_FORMAT = "dwarf-with-dsym";
				ENABLE_NS_ASSERTIONS = NO;
				ENABLE_STRICT_OBJC_MSGSEND = YES;
				GCC_C_LANGUAGE_STANDARD = gnu99;
				GCC_NO_COMMON_BLOCKS = YES;
				GCC_WARN_64_TO_32_BIT_CONVERSION = YES;
				GCC_WARN_ABOUT_RETURN_TYPE = YES_ERROR;
				GCC_WARN_UNDECLARED_SELECTOR = YES;
				GCC_WARN_UNINITIALIZED_AUTOS = YES_AGGRESSIVE;
				GCC_WARN_UNUSED_FUNCTION = YES;
				GCC_WARN_UNUSED_VARIABLE = YES;
				IPHONEOS_DEPLOYMENT_TARGET = 8.3;
				MTL_ENABLE_DEBUG_INFO = NO;
				SDKROOT = iphoneos;
				TARGETED_DEVICE_FAMILY = "1,2";
				VALIDATE_PRODUCT = YES;
			};
			name = Release;
		};
		EA6A38981B04941D003FB082 /* Debug */ = {
			isa = XCBuildConfiguration;
			buildSettings = {
				ASSETCATALOG_COMPILER_APPICON_NAME = AppIcon;
				INFOPLIST_FILE = TryCatch/Info.plist;
				LD_RUNPATH_SEARCH_PATHS = "$(inherited) @executable_path/Frameworks";
				PRODUCT_NAME = "$(TARGET_NAME)";
			};
			name = Debug;
		};
		EA6A38991B04941D003FB082 /* Release */ = {
			isa = XCBuildConfiguration;
			buildSettings = {
				ASSETCATALOG_COMPILER_APPICON_NAME = AppIcon;
				INFOPLIST_FILE = TryCatch/Info.plist;
				LD_RUNPATH_SEARCH_PATHS = "$(inherited) @executable_path/Frameworks";
				PRODUCT_NAME = "$(TARGET_NAME)";
			};
			name = Release;
		};
		EA6A389B1B04941D003FB082 /* Debug */ = {
			isa = XCBuildConfiguration;
			buildSettings = {
				BUNDLE_LOADER = "$(TEST_HOST)";
				FRAMEWORK_SEARCH_PATHS = (
					"$(SDKROOT)/Developer/Library/Frameworks",
					"$(inherited)",
				);
				GCC_PREPROCESSOR_DEFINITIONS = (
					"DEBUG=1",
					"$(inherited)",
				);
				INFOPLIST_FILE = TryCatchTests/Info.plist;
				LD_RUNPATH_SEARCH_PATHS = "$(inherited) @executable_path/Frameworks @loader_path/Frameworks";
				PRODUCT_NAME = "$(TARGET_NAME)";
				TEST_HOST = "$(BUILT_PRODUCTS_DIR)/TryCatch.app/TryCatch";
			};
			name = Debug;
		};
		EA6A389C1B04941D003FB082 /* Release */ = {
			isa = XCBuildConfiguration;
			buildSettings = {
				BUNDLE_LOADER = "$(TEST_HOST)";
				FRAMEWORK_SEARCH_PATHS = (
					"$(SDKROOT)/Developer/Library/Frameworks",
					"$(inherited)",
				);
				INFOPLIST_FILE = TryCatchTests/Info.plist;
				LD_RUNPATH_SEARCH_PATHS = "$(inherited) @executable_path/Frameworks @loader_path/Frameworks";
				PRODUCT_NAME = "$(TARGET_NAME)";
				TEST_HOST = "$(BUILT_PRODUCTS_DIR)/TryCatch.app/TryCatch";
			};
			name = Release;
		};
/* End XCBuildConfiguration section */

/* Begin XCConfigurationList section */
		EA6A38731B04941D003FB082 /* Build configuration list for PBXProject "TryCatch" */ = {
			isa = XCConfigurationList;
			buildConfigurations = (
				EA6A38951B04941D003FB082 /* Debug */,
				EA6A38961B04941D003FB082 /* Release */,
			);
			defaultConfigurationIsVisible = 0;
			defaultConfigurationName = Release;
		};
		EA6A38971B04941D003FB082 /* Build configuration list for PBXNativeTarget "TryCatch" */ = {
			isa = XCConfigurationList;
			buildConfigurations = (
				EA6A38981B04941D003FB082 /* Debug */,
				EA6A38991B04941D003FB082 /* Release */,
			);
			defaultConfigurationIsVisible = 0;
		};
		EA6A389A1B04941D003FB082 /* Build configuration list for PBXNativeTarget "TryCatchTests" */ = {
			isa = XCConfigurationList;
			buildConfigurations = (
				EA6A389B1B04941D003FB082 /* Debug */,
				EA6A389C1B04941D003FB082 /* Release */,
			);
			defaultConfigurationIsVisible = 0;
		};
/* End XCConfigurationList section */
	};
	rootObject = EA6A38701B04941D003FB082 /* Project object */;
}
